
Microsoft Visual Studio Solution File, Format Version 12.00
# Visual Studio Version 17
VisualStudioVersion = 17.9.34607.119
MinimumVisualStudioVersion = 10.0.40219.1
Project("{FAE04EC0-301F-11D3-BF4B-00C04F79EFBC}") = "modul", "modul\modul.csproj", "{73AE4AE2-6CB2-49D0-955A-DF89EDE60F50}"
EndProject
Global
	GlobalSection(SolutionConfigurationPlatforms) = preSolution
		Debug|Any CPU = Debug|Any CPU
		Release|Any CPU = Release|Any CPU
	EndGlobalSection
	GlobalSection(ProjectConfigurationPlatforms) = postSolution
		{73AE4AE2-6CB2-49D0-955A-DF89EDE60F50}.Debug|Any CPU.ActiveCfg = Debug|Any CPU
		{73AE4AE2-6CB2-49D0-955A-DF89EDE60F50}.Debug|Any CPU.Build.0 = Debug|Any CPU
		{73AE4AE2-6CB2-49D0-955A-DF89EDE60F50}.Release|Any CPU.ActiveCfg = Release|Any CPU
		{73AE4AE2-6CB2-49D0-955A-DF89EDE60F50}.Release|Any CPU.Build.0 = Release|Any CPU
	EndGlobalSection
	GlobalSection(SolutionProperties) = preSolution
		HideSolutionNode = FALSE
	EndGlobalSection
	GlobalSection(ExtensibilityGlobals) = postSolution
		SolutionGuid = {A6E7502C-879F-4009-973D-ACC7C33A0C08}
	EndGlobalSection
EndGlobal
